
Microsoft Visual Studio Solution File, Format Version 12.00
# Visual Studio Version 16
VisualStudioVersion = 16.0.31613.86
MinimumVisualStudioVersion = 10.0.40219.1
Project("{9A19103F-16F7-4668-BE54-9A1E7A4F7556}") = "Incidencias.WebApi", "Incidencias.WebApi\Incidencias.WebApi.csproj", "{54F2CE94-9B72-4917-8FD3-FF5928767064}"
EndProject
Project("{9A19103F-16F7-4668-BE54-9A1E7A4F7556}") = "Incidencias.Modelos", "Incidencias.Modelos\Incidencias.Modelos.csproj", "{83E1CACC-17AF-475F-BC10-98B6E55F7182}"
EndProject
Project("{9A19103F-16F7-4668-BE54-9A1E7A4F7556}") = "Incidencias.AccesoDatos", "Incidencias.AccesoDatos\Incidencias.AccesoDatos.csproj", "{7392716F-AAAE-450D-9220-B411C5BD4AE7}"
EndProject
Project("{2150E333-8FDC-42A3-9474-1A3956D46DE8}") = "Pruebas", "Pruebas", "{2EF318DF-4670-4E78-B375-ACA305D2608D}"
EndProject
Project("{2150E333-8FDC-42A3-9474-1A3956D46DE8}") = "LogicaDeNegocio", "LogicaDeNegocio", "{B79F7F9D-A791-4010-8EDE-22B46DDE4F3B}"
EndProject
Project("{9A19103F-16F7-4668-BE54-9A1E7A4F7556}") = "Incidencias.Interfaces", "Incidencias.Interfaces\Incidencias.Interfaces.csproj", "{CAB74F62-F20E-49EE-87C8-6E62E25F87FD}"
EndProject
Project("{9A19103F-16F7-4668-BE54-9A1E7A4F7556}") = "Incidencias.AccesoDatos.Test", "Incidencias.AccesoDatos.Test\Incidencias.AccesoDatos.Test.csproj", "{7EBBBF6C-A23D-4C3A-AB3F-6B0C940AAD7E}"
EndProject
Project("{9A19103F-16F7-4668-BE54-9A1E7A4F7556}") = "Incidencias.WebApi.Test", "Incidencias.WebApi.Test\Incidencias.WebApi.Test.csproj", "{8EF4BF7E-FAC0-4DC0-B9E8-3CAA84B10940}"
EndProject
Project("{FAE04EC0-301F-11D3-BF4B-00C04F79EFBC}") = "Incidencias.LogicaDeNegocio", "Incidencias.LogicaDeNegocio\Incidencias.LogicaDeNegocio.csproj", "{9E86C49E-EAB5-4340-A852-F2BEEC85D4C1}"
EndProject
Global
	GlobalSection(SolutionConfigurationPlatforms) = preSolution
		Debug|Any CPU = Debug|Any CPU
		Release|Any CPU = Release|Any CPU
	EndGlobalSection
	GlobalSection(ProjectConfigurationPlatforms) = postSolution
		{54F2CE94-9B72-4917-8FD3-FF5928767064}.Debug|Any CPU.ActiveCfg = Debug|Any CPU
		{54F2CE94-9B72-4917-8FD3-FF5928767064}.Debug|Any CPU.Build.0 = Debug|Any CPU
		{54F2CE94-9B72-4917-8FD3-FF5928767064}.Release|Any CPU.ActiveCfg = Release|Any CPU
		{54F2CE94-9B72-4917-8FD3-FF5928767064}.Release|Any CPU.Build.0 = Release|Any CPU
		{83E1CACC-17AF-475F-BC10-98B6E55F7182}.Debug|Any CPU.ActiveCfg = Debug|Any CPU
		{83E1CACC-17AF-475F-BC10-98B6E55F7182}.Debug|Any CPU.Build.0 = Debug|Any CPU
		{83E1CACC-17AF-475F-BC10-98B6E55F7182}.Release|Any CPU.ActiveCfg = Release|Any CPU
		{83E1CACC-17AF-475F-BC10-98B6E55F7182}.Release|Any CPU.Build.0 = Release|Any CPU
		{7392716F-AAAE-450D-9220-B411C5BD4AE7}.Debug|Any CPU.ActiveCfg = Debug|Any CPU
		{7392716F-AAAE-450D-9220-B411C5BD4AE7}.Debug|Any CPU.Build.0 = Debug|Any CPU
		{7392716F-AAAE-450D-9220-B411C5BD4AE7}.Release|Any CPU.ActiveCfg = Release|Any CPU
		{7392716F-AAAE-450D-9220-B411C5BD4AE7}.Release|Any CPU.Build.0 = Release|Any CPU
		{CAB74F62-F20E-49EE-87C8-6E62E25F87FD}.Debug|Any CPU.ActiveCfg = Debug|Any CPU
		{CAB74F62-F20E-49EE-87C8-6E62E25F87FD}.Debug|Any CPU.Build.0 = Debug|Any CPU
		{CAB74F62-F20E-49EE-87C8-6E62E25F87FD}.Release|Any CPU.ActiveCfg = Release|Any CPU
		{CAB74F62-F20E-49EE-87C8-6E62E25F87FD}.Release|Any CPU.Build.0 = Release|Any CPU
		{7EBBBF6C-A23D-4C3A-AB3F-6B0C940AAD7E}.Debug|Any CPU.ActiveCfg = Debug|Any CPU
		{7EBBBF6C-A23D-4C3A-AB3F-6B0C940AAD7E}.Debug|Any CPU.Build.0 = Debug|Any CPU
		{7EBBBF6C-A23D-4C3A-AB3F-6B0C940AAD7E}.Release|Any CPU.ActiveCfg = Release|Any CPU
		{7EBBBF6C-A23D-4C3A-AB3F-6B0C940AAD7E}.Release|Any CPU.Build.0 = Release|Any CPU
		{8EF4BF7E-FAC0-4DC0-B9E8-3CAA84B10940}.Debug|Any CPU.ActiveCfg = Debug|Any CPU
		{8EF4BF7E-FAC0-4DC0-B9E8-3CAA84B10940}.Debug|Any CPU.Build.0 = Debug|Any CPU
		{8EF4BF7E-FAC0-4DC0-B9E8-3CAA84B10940}.Release|Any CPU.ActiveCfg = Release|Any CPU
		{8EF4BF7E-FAC0-4DC0-B9E8-3CAA84B10940}.Release|Any CPU.Build.0 = Release|Any CPU
		{9E86C49E-EAB5-4340-A852-F2BEEC85D4C1}.Debug|Any CPU.ActiveCfg = Debug|Any CPU
		{9E86C49E-EAB5-4340-A852-F2BEEC85D4C1}.Debug|Any CPU.Build.0 = Debug|Any CPU
		{9E86C49E-EAB5-4340-A852-F2BEEC85D4C1}.Release|Any CPU.ActiveCfg = Release|Any CPU
		{9E86C49E-EAB5-4340-A852-F2BEEC85D4C1}.Release|Any CPU.Build.0 = Release|Any CPU
	EndGlobalSection
	GlobalSection(SolutionProperties) = preSolution
		HideSolutionNode = FALSE
	EndGlobalSection
	GlobalSection(NestedProjects) = preSolution
		{83E1CACC-17AF-475F-BC10-98B6E55F7182} = {B79F7F9D-A791-4010-8EDE-22B46DDE4F3B}
		{CAB74F62-F20E-49EE-87C8-6E62E25F87FD} = {B79F7F9D-A791-4010-8EDE-22B46DDE4F3B}
		{7EBBBF6C-A23D-4C3A-AB3F-6B0C940AAD7E} = {2EF318DF-4670-4E78-B375-ACA305D2608D}
		{8EF4BF7E-FAC0-4DC0-B9E8-3CAA84B10940} = {2EF318DF-4670-4E78-B375-ACA305D2608D}
		{9E86C49E-EAB5-4340-A852-F2BEEC85D4C1} = {B79F7F9D-A791-4010-8EDE-22B46DDE4F3B}
	EndGlobalSection
	GlobalSection(ExtensibilityGlobals) = postSolution
		SolutionGuid = {34AAA983-CA7F-4F27-AAE1-BD2DBDB596E3}
	EndGlobalSection
EndGlobal
