
Microsoft Visual Studio Solution File, Format Version 12.00
# Visual Studio Version 17
VisualStudioVersion = 17.0.32126.317
MinimumVisualStudioVersion = 10.0.40219.1
Project("{2150E333-8FDC-42A3-9474-1A3956D46DE8}") = "src", "src", "{EB318383-00B2-4047-8A51-170E838CE382}"
EndProject
Project("{2150E333-8FDC-42A3-9474-1A3956D46DE8}") = "Core", "Core", "{01AB51EB-F714-46AF-9177-7A69C42073BD}"
EndProject
Project("{2150E333-8FDC-42A3-9474-1A3956D46DE8}") = "Infrastructure", "Infrastructure", "{905818BB-7DD4-44C8-B624-D187F206F273}"
EndProject
Project("{2150E333-8FDC-42A3-9474-1A3956D46DE8}") = "Presentation", "Presentation", "{454E4846-4605-4330-91C3-BD6E78DB60D9}"
EndProject
Project("{9A19103F-16F7-4668-BE54-9A1E7A4F7556}") = "Application", "Application\Application.csproj", "{E9237C90-BEB4-4D09-A1B2-7027535EFB81}"
EndProject
Project("{9A19103F-16F7-4668-BE54-9A1E7A4F7556}") = "Domain", "Domain\Domain.csproj", "{F25F1145-B968-48EB-8667-DDE4757C4AB0}"
EndProject
Project("{9A19103F-16F7-4668-BE54-9A1E7A4F7556}") = "Persistence", "Persistence\Persistence.csproj", "{321E4BAE-AF58-49D4-88AC-7E3BB5A9BC0D}"
EndProject
Project("{9A19103F-16F7-4668-BE54-9A1E7A4F7556}") = "Shared", "Shared\Shared.csproj", "{E246DD3F-C0F9-4FAD-97CF-2BADCE7435F2}"
EndProject
Project("{9A19103F-16F7-4668-BE54-9A1E7A4F7556}") = "WebApi", "WebApi\WebApi.csproj", "{66E67564-5D85-4747-905C-8CEA26ADC135}"
EndProject
Project("{FAE04EC0-301F-11D3-BF4B-00C04F79EFBC}") = "Identity", "Identity\Identity.csproj", "{44DE2EB5-2ED3-496E-82B5-BFFE8E1743BF}"
EndProject
Global
	GlobalSection(SolutionConfigurationPlatforms) = preSolution
		Debug|Any CPU = Debug|Any CPU
		Release|Any CPU = Release|Any CPU
	EndGlobalSection
	GlobalSection(ProjectConfigurationPlatforms) = postSolution
		{E9237C90-BEB4-4D09-A1B2-7027535EFB81}.Debug|Any CPU.ActiveCfg = Debug|Any CPU
		{E9237C90-BEB4-4D09-A1B2-7027535EFB81}.Debug|Any CPU.Build.0 = Debug|Any CPU
		{E9237C90-BEB4-4D09-A1B2-7027535EFB81}.Release|Any CPU.ActiveCfg = Release|Any CPU
		{E9237C90-BEB4-4D09-A1B2-7027535EFB81}.Release|Any CPU.Build.0 = Release|Any CPU
		{F25F1145-B968-48EB-8667-DDE4757C4AB0}.Debug|Any CPU.ActiveCfg = Debug|Any CPU
		{F25F1145-B968-48EB-8667-DDE4757C4AB0}.Debug|Any CPU.Build.0 = Debug|Any CPU
		{F25F1145-B968-48EB-8667-DDE4757C4AB0}.Release|Any CPU.ActiveCfg = Release|Any CPU
		{F25F1145-B968-48EB-8667-DDE4757C4AB0}.Release|Any CPU.Build.0 = Release|Any CPU
		{321E4BAE-AF58-49D4-88AC-7E3BB5A9BC0D}.Debug|Any CPU.ActiveCfg = Debug|Any CPU
		{321E4BAE-AF58-49D4-88AC-7E3BB5A9BC0D}.Debug|Any CPU.Build.0 = Debug|Any CPU
		{321E4BAE-AF58-49D4-88AC-7E3BB5A9BC0D}.Release|Any CPU.ActiveCfg = Release|Any CPU
		{321E4BAE-AF58-49D4-88AC-7E3BB5A9BC0D}.Release|Any CPU.Build.0 = Release|Any CPU
		{E246DD3F-C0F9-4FAD-97CF-2BADCE7435F2}.Debug|Any CPU.ActiveCfg = Debug|Any CPU
		{E246DD3F-C0F9-4FAD-97CF-2BADCE7435F2}.Debug|Any CPU.Build.0 = Debug|Any CPU
		{E246DD3F-C0F9-4FAD-97CF-2BADCE7435F2}.Release|Any CPU.ActiveCfg = Release|Any CPU
		{E246DD3F-C0F9-4FAD-97CF-2BADCE7435F2}.Release|Any CPU.Build.0 = Release|Any CPU
		{66E67564-5D85-4747-905C-8CEA26ADC135}.Debug|Any CPU.ActiveCfg = Debug|Any CPU
		{66E67564-5D85-4747-905C-8CEA26ADC135}.Debug|Any CPU.Build.0 = Debug|Any CPU
		{66E67564-5D85-4747-905C-8CEA26ADC135}.Release|Any CPU.ActiveCfg = Release|Any CPU
		{66E67564-5D85-4747-905C-8CEA26ADC135}.Release|Any CPU.Build.0 = Release|Any CPU
		{44DE2EB5-2ED3-496E-82B5-BFFE8E1743BF}.Debug|Any CPU.ActiveCfg = Debug|Any CPU
		{44DE2EB5-2ED3-496E-82B5-BFFE8E1743BF}.Debug|Any CPU.Build.0 = Debug|Any CPU
		{44DE2EB5-2ED3-496E-82B5-BFFE8E1743BF}.Release|Any CPU.ActiveCfg = Release|Any CPU
		{44DE2EB5-2ED3-496E-82B5-BFFE8E1743BF}.Release|Any CPU.Build.0 = Release|Any CPU
	EndGlobalSection
	GlobalSection(SolutionProperties) = preSolution
		HideSolutionNode = FALSE
	EndGlobalSection
	GlobalSection(NestedProjects) = preSolution
		{01AB51EB-F714-46AF-9177-7A69C42073BD} = {EB318383-00B2-4047-8A51-170E838CE382}
		{905818BB-7DD4-44C8-B624-D187F206F273} = {EB318383-00B2-4047-8A51-170E838CE382}
		{454E4846-4605-4330-91C3-BD6E78DB60D9} = {EB318383-00B2-4047-8A51-170E838CE382}
		{E9237C90-BEB4-4D09-A1B2-7027535EFB81} = {01AB51EB-F714-46AF-9177-7A69C42073BD}
		{F25F1145-B968-48EB-8667-DDE4757C4AB0} = {01AB51EB-F714-46AF-9177-7A69C42073BD}
		{321E4BAE-AF58-49D4-88AC-7E3BB5A9BC0D} = {905818BB-7DD4-44C8-B624-D187F206F273}
		{E246DD3F-C0F9-4FAD-97CF-2BADCE7435F2} = {905818BB-7DD4-44C8-B624-D187F206F273}
		{66E67564-5D85-4747-905C-8CEA26ADC135} = {454E4846-4605-4330-91C3-BD6E78DB60D9}
		{44DE2EB5-2ED3-496E-82B5-BFFE8E1743BF} = {905818BB-7DD4-44C8-B624-D187F206F273}
	EndGlobalSection
	GlobalSection(ExtensibilityGlobals) = postSolution
		SolutionGuid = {84E72E7F-D7E5-4A1C-BB4C-6097B8808D8B}
	EndGlobalSection
EndGlobal
